
Microsoft Visual Studio Solution File, Format Version 12.00
# Visual Studio Version 17
VisualStudioVersion = 17.9.34728.123
MinimumVisualStudioVersion = 10.0.40219.1
Project("{9A19103F-16F7-4668-BE54-9A1E7A4F7556}") = "KontrolaLotow", "KontrolaLotow\KontrolaLotow.csproj", "{058BBE38-A875-4E34-B634-840EC42C5338}"
EndProject
Project("{FAE04EC0-301F-11D3-BF4B-00C04F79EFBC}") = "TestProject", "TestProject\TestProject.csproj", "{2165B0DA-E26E-47ED-A4EB-7F4A4377BCE7}"
EndProject
Global
	GlobalSection(SolutionConfigurationPlatforms) = preSolution
		Debug|Any CPU = Debug|Any CPU
		Release|Any CPU = Release|Any CPU
	EndGlobalSection
	GlobalSection(ProjectConfigurationPlatforms) = postSolution
		{058BBE38-A875-4E34-B634-840EC42C5338}.Debug|Any CPU.ActiveCfg = Debug|Any CPU
		{058BBE38-A875-4E34-B634-840EC42C5338}.Debug|Any CPU.Build.0 = Debug|Any CPU
		{058BBE38-A875-4E34-B634-840EC42C5338}.Release|Any CPU.ActiveCfg = Release|Any CPU
		{058BBE38-A875-4E34-B634-840EC42C5338}.Release|Any CPU.Build.0 = Release|Any CPU
		{2165B0DA-E26E-47ED-A4EB-7F4A4377BCE7}.Debug|Any CPU.ActiveCfg = Debug|Any CPU
		{2165B0DA-E26E-47ED-A4EB-7F4A4377BCE7}.Debug|Any CPU.Build.0 = Debug|Any CPU
		{2165B0DA-E26E-47ED-A4EB-7F4A4377BCE7}.Release|Any CPU.ActiveCfg = Release|Any CPU
		{2165B0DA-E26E-47ED-A4EB-7F4A4377BCE7}.Release|Any CPU.Build.0 = Release|Any CPU
	EndGlobalSection
	GlobalSection(SolutionProperties) = preSolution
		HideSolutionNode = FALSE
	EndGlobalSection
	GlobalSection(ExtensibilityGlobals) = postSolution
		SolutionGuid = {8D1329D7-08A1-4D5C-88C0-133B47C1B019}
	EndGlobalSection
EndGlobal
